
Microsoft Visual Studio Solution File, Format Version 12.00
# Visual Studio 15
VisualStudioVersion = 15.0.27130.2027
MinimumVisualStudioVersion = 10.0.40219.1
Project("{FAE04EC0-301F-11D3-BF4B-00C04F79EFBC}") = "myFirstMVC", "myFirstMVC\myFirstMVC.csproj", "{F95AE1F7-905E-4B0B-A320-233B50788B94}"
EndProject
Global
	GlobalSection(SolutionConfigurationPlatforms) = preSolution
		Debug|Any CPU = Debug|Any CPU
		Release|Any CPU = Release|Any CPU
	EndGlobalSection
	GlobalSection(ProjectConfigurationPlatforms) = postSolution
		{F95AE1F7-905E-4B0B-A320-233B50788B94}.Debug|Any CPU.ActiveCfg = Debug|Any CPU
		{F95AE1F7-905E-4B0B-A320-233B50788B94}.Debug|Any CPU.Build.0 = Debug|Any CPU
		{F95AE1F7-905E-4B0B-A320-233B50788B94}.Release|Any CPU.ActiveCfg = Release|Any CPU
		{F95AE1F7-905E-4B0B-A320-233B50788B94}.Release|Any CPU.Build.0 = Release|Any CPU
	EndGlobalSection
	GlobalSection(SolutionProperties) = preSolution
		HideSolutionNode = FALSE
	EndGlobalSection
	GlobalSection(ExtensibilityGlobals) = postSolution
		SolutionGuid = {50AA4DD8-5DA0-40FA-ADE0-98F67FE6C93E}
	EndGlobalSection
EndGlobal
